
Microsoft Visual Studio Solution File, Format Version 12.00
# Visual Studio Version 16
VisualStudioVersion = 16.0.30717.126
MinimumVisualStudioVersion = 10.0.40219.1
Project("{FAE04EC0-301F-11D3-BF4B-00C04F79EFBC}") = "CommonLibrary", "CommonLibrary\CommonLibrary.csproj", "{665FDFF8-16DA-449A-BA54-434FEADE57B7}"
EndProject
Project("{FAE04EC0-301F-11D3-BF4B-00C04F79EFBC}") = "CommonLibraryTests", "CommonLibraryTests\CommonLibraryTests.csproj", "{502E6453-F204-44E8-83E8-B4D98660B016}"
EndProject
Global
	GlobalSection(SolutionConfigurationPlatforms) = preSolution
		Debug|Any CPU = Debug|Any CPU
		Release|Any CPU = Release|Any CPU
	EndGlobalSection
	GlobalSection(ProjectConfigurationPlatforms) = postSolution
		{665FDFF8-16DA-449A-BA54-434FEADE57B7}.Debug|Any CPU.ActiveCfg = Debug|Any CPU
		{665FDFF8-16DA-449A-BA54-434FEADE57B7}.Debug|Any CPU.Build.0 = Debug|Any CPU
		{665FDFF8-16DA-449A-BA54-434FEADE57B7}.Release|Any CPU.ActiveCfg = Release|Any CPU
		{665FDFF8-16DA-449A-BA54-434FEADE57B7}.Release|Any CPU.Build.0 = Release|Any CPU
		{502E6453-F204-44E8-83E8-B4D98660B016}.Debug|Any CPU.ActiveCfg = Debug|Any CPU
		{502E6453-F204-44E8-83E8-B4D98660B016}.Debug|Any CPU.Build.0 = Debug|Any CPU
		{502E6453-F204-44E8-83E8-B4D98660B016}.Release|Any CPU.ActiveCfg = Release|Any CPU
		{502E6453-F204-44E8-83E8-B4D98660B016}.Release|Any CPU.Build.0 = Release|Any CPU
	EndGlobalSection
	GlobalSection(SolutionProperties) = preSolution
		HideSolutionNode = FALSE
	EndGlobalSection
	GlobalSection(ExtensibilityGlobals) = postSolution
		SolutionGuid = {A6FF3A31-2F4F-47ED-ADA8-C7D6449ED6F4}
	EndGlobalSection
EndGlobal
